
Microsoft Visual Studio Solution File, Format Version 12.00
# Visual Studio Version 16
VisualStudioVersion = 16.0.31702.278
MinimumVisualStudioVersion = 10.0.40219.1
Project("{FAE04EC0-301F-11D3-BF4B-00C04F79EFBC}") = "MoviesAPI", "MoviesAPI.csproj", "{47055079-EB42-45B3-B8B0-B05BE58AE734}"
EndProject
Global
	GlobalSection(SolutionConfigurationPlatforms) = preSolution
		Debug|Any CPU = Debug|Any CPU
		Release|Any CPU = Release|Any CPU
	EndGlobalSection
	GlobalSection(ProjectConfigurationPlatforms) = postSolution
		{47055079-EB42-45B3-B8B0-B05BE58AE734}.Debug|Any CPU.ActiveCfg = Debug|Any CPU
		{47055079-EB42-45B3-B8B0-B05BE58AE734}.Debug|Any CPU.Build.0 = Debug|Any CPU
		{47055079-EB42-45B3-B8B0-B05BE58AE734}.Release|Any CPU.ActiveCfg = Release|Any CPU
		{47055079-EB42-45B3-B8B0-B05BE58AE734}.Release|Any CPU.Build.0 = Release|Any CPU
	EndGlobalSection
	GlobalSection(SolutionProperties) = preSolution
		HideSolutionNode = FALSE
	EndGlobalSection
	GlobalSection(ExtensibilityGlobals) = postSolution
		SolutionGuid = {36F1E39D-8364-45DB-A78E-8BA561862A5B}
	EndGlobalSection
EndGlobal
